
Microsoft Visual Studio Solution File, Format Version 12.00
Project("{2150E333-8FDC-42A3-9474-1A3956D46DE8}") = "src", "src", "{0DDCDB73-41F1-4295-A67F-F12C4972C2F0}"
EndProject
Project("{2150E333-8FDC-42A3-9474-1A3956D46DE8}") = "test", "test", "{CAA359A7-3225-48AB-83E5-0CAD374640EE}"
EndProject
Project("{FAE04EC0-301F-11D3-BF4B-00C04F79EFBC}") = "PokeApiSharp", "src\PokeApiSharp\PokeApiSharp.csproj", "{1FAAC8CD-53B0-4403-A6A3-BE387FA4E34F}"
EndProject
Project("{FAE04EC0-301F-11D3-BF4B-00C04F79EFBC}") = "Integration", "test\Integration\Integration.csproj", "{B5C37ED4-F950-433E-88D2-6925F4C534AA}"
EndProject
Project("{FAE04EC0-301F-11D3-BF4B-00C04F79EFBC}") = "Unit", "test\Unit\Unit.csproj", "{239EFF60-B02E-4891-9F0F-7A24BB682E0D}"
EndProject
Global
	GlobalSection(SolutionConfigurationPlatforms) = preSolution
		Debug|Any CPU = Debug|Any CPU
		Release|Any CPU = Release|Any CPU
	EndGlobalSection
	GlobalSection(NestedProjects) = preSolution
		{1FAAC8CD-53B0-4403-A6A3-BE387FA4E34F} = {0DDCDB73-41F1-4295-A67F-F12C4972C2F0}
		{B5C37ED4-F950-433E-88D2-6925F4C534AA} = {CAA359A7-3225-48AB-83E5-0CAD374640EE}
		{239EFF60-B02E-4891-9F0F-7A24BB682E0D} = {CAA359A7-3225-48AB-83E5-0CAD374640EE}
	EndGlobalSection
	GlobalSection(ProjectConfigurationPlatforms) = postSolution
		{1FAAC8CD-53B0-4403-A6A3-BE387FA4E34F}.Debug|Any CPU.ActiveCfg = Debug|Any CPU
		{1FAAC8CD-53B0-4403-A6A3-BE387FA4E34F}.Debug|Any CPU.Build.0 = Debug|Any CPU
		{1FAAC8CD-53B0-4403-A6A3-BE387FA4E34F}.Release|Any CPU.ActiveCfg = Release|Any CPU
		{1FAAC8CD-53B0-4403-A6A3-BE387FA4E34F}.Release|Any CPU.Build.0 = Release|Any CPU
		{B5C37ED4-F950-433E-88D2-6925F4C534AA}.Debug|Any CPU.ActiveCfg = Debug|Any CPU
		{B5C37ED4-F950-433E-88D2-6925F4C534AA}.Debug|Any CPU.Build.0 = Debug|Any CPU
		{B5C37ED4-F950-433E-88D2-6925F4C534AA}.Release|Any CPU.ActiveCfg = Release|Any CPU
		{B5C37ED4-F950-433E-88D2-6925F4C534AA}.Release|Any CPU.Build.0 = Release|Any CPU
		{239EFF60-B02E-4891-9F0F-7A24BB682E0D}.Debug|Any CPU.ActiveCfg = Debug|Any CPU
		{239EFF60-B02E-4891-9F0F-7A24BB682E0D}.Debug|Any CPU.Build.0 = Debug|Any CPU
		{239EFF60-B02E-4891-9F0F-7A24BB682E0D}.Release|Any CPU.ActiveCfg = Release|Any CPU
		{239EFF60-B02E-4891-9F0F-7A24BB682E0D}.Release|Any CPU.Build.0 = Release|Any CPU
	EndGlobalSection
EndGlobal
